PODS:
  - audioplayers_darwin (0.0.1):
    - Flutter
  - Flutter (1.0.0)
  - flutter_background_service_ios (0.0.1):
    - Flutter
  - package_info_plus (0.4.5):
    - Flutter
  - path_provider_foundation (0.0.1):
    - Flutter
    - FlutterMacOS
  - permission_handler_apple (9.3.0):
    - Flutter
  - record_darwin (0.0.1):
    - Flutter
  - share_plus (0.0.1):
    - Flutter
  - sqflite (0.0.1):
    - Flutter
    - FlutterMacOS

DEPENDENCIES:
  - audioplayers_darwin (from `.symlinks/plugins/audioplayers_darwin/ios`)
  - Flutter (from `Flutter`)
  - flutter_background_service_ios (from `.symlinks/plugins/flutter_background_service_ios/ios`)
  - package_info_plus (from `.symlinks/plugins/package_info_plus/ios`)
  - path_provider_foundation (from `.symlinks/plugins/path_provider_foundation/darwin`)
  - permission_handler_apple (from `.symlinks/plugins/permission_handler_apple/ios`)
  - record_darwin (from `.symlinks/plugins/record_darwin/ios`)
  - share_plus (from `.symlinks/plugins/share_plus/ios`)
  - sqflite (from `.symlinks/plugins/sqflite/darwin`)

EXTERNAL SOURCES:
  audioplayers_darwin:
    :path: ".symlinks/plugins/audioplayers_darwin/ios"
  Flutter:
    :path: Flutter
  flutter_background_service_ios:
    :path: ".symlinks/plugins/flutter_background_service_ios/ios"
  package_info_plus:
    :path: ".symlinks/plugins/package_info_plus/ios"
  path_provider_foundation:
    :path: ".symlinks/plugins/path_provider_foundation/darwin"
  permission_handler_apple:
    :path: ".symlinks/plugins/permission_handler_apple/ios"
  record_darwin:
    :path: ".symlinks/plugins/record_darwin/ios"
  share_plus:
    :path: ".symlinks/plugins/share_plus/ios"
  sqflite:
    :path: ".symlinks/plugins/sqflite/darwin"

SPEC CHECKSUMS:
  audioplayers_darwin: 877ad9d8d58f5e8e7e4a7e7e4a7e7e4a7e7e4a7e
  Flutter: e0871f40cf51350855a761d2e70bf5af5b9b5de7
  flutter_background_service_ios: e30e0d3df050e9a5e3e3e9a5e3e3e9a5e3e3e9a5e
  package_info_plus: 58f002c1e2b7d7e7e7e7e7e7e7e7e7e7e7e7e7e7e7e
  path_provider_foundation: 2b6b4c569c0fb62ec74538f866245a081b2155a5
  permission_handler_apple: 4436e2a9b2d0bdc1c8e1f66e5e45b3e6e4e4f9e0
  record_darwin: 852c6e2d5a5e5e5e5e5e5e5e5e5e5e5e5e5e5e5e5e
  share_plus: 8c6d2e1f5a5e5e5e5e5e5e5e5e5e5e5e5e5e5e5e5e
  sqflite: 673a0e54cc04b7d6dba8d24fb8095b31c6a99e21

PODFILE CHECKSUM: 1d2e0e8e0e8e0e8e0e8e0e8e0e8e0e8e8e0e8e0e

COCOAPODS: 1.15.2